
Microsoft Visual Studio Solution File, Format Version 12.00
# Visual Studio Version 17
VisualStudioVersion = 17.14.37216.2 d17.14
MinimumVisualStudioVersion = 10.0.40219.1
Project("{FAE04EC0-301F-11D3-BF4B-00C04F79EFBC}") = "liste-2026-39b", "liste-2026-39b.csproj", "{601BB677-F2CC-46B3-8822-BEEA3DE5AB5C}"
EndProject
Global
	GlobalSection(SolutionConfigurationPlatforms) = preSolution
		Debug|Any CPU = Debug|Any CPU
		Release|Any CPU = Release|Any CPU
	EndGlobalSection
	GlobalSection(ProjectConfigurationPlatforms) = postSolution
		{601BB677-F2CC-46B3-8822-BEEA3DE5AB5C}.Debug|Any CPU.ActiveCfg = Debug|Any CPU
		{601BB677-F2CC-46B3-8822-BEEA3DE5AB5C}.Debug|Any CPU.Build.0 = Debug|Any CPU
		{601BB677-F2CC-46B3-8822-BEEA3DE5AB5C}.Release|Any CPU.ActiveCfg = Release|Any CPU
		{601BB677-F2CC-46B3-8822-BEEA3DE5AB5C}.Release|Any CPU.Build.0 = Release|Any CPU
	EndGlobalSection
	GlobalSection(SolutionProperties) = preSolution
		HideSolutionNode = FALSE
	EndGlobalSection
	GlobalSection(ExtensibilityGlobals) = postSolution
		SolutionGuid = {6533FF80-9DF3-437D-9271-6BA68469539A}
	EndGlobalSection
EndGlobal
